
Microsoft Visual Studio Solution File, Format Version 12.00
# Visual Studio Version 16
VisualStudioVersion = 16.0.31729.503
MinimumVisualStudioVersion = 10.0.40219.1
Project("{FAE04EC0-301F-11D3-BF4B-00C04F79EFBC}") = "Final", "Final.csproj", "{4FB929A2-7B7B-4B87-BE1F-D7E593039A5D}"
EndProject
Global
	GlobalSection(SolutionConfigurationPlatforms) = preSolution
		Debug|Any CPU = Debug|Any CPU
		Release|Any CPU = Release|Any CPU
	EndGlobalSection
	GlobalSection(ProjectConfigurationPlatforms) = postSolution
		{4FB929A2-7B7B-4B87-BE1F-D7E593039A5D}.Debug|Any CPU.ActiveCfg = Debug|Any CPU
		{4FB929A2-7B7B-4B87-BE1F-D7E593039A5D}.Debug|Any CPU.Build.0 = Debug|Any CPU
		{4FB929A2-7B7B-4B87-BE1F-D7E593039A5D}.Release|Any CPU.ActiveCfg = Release|Any CPU
		{4FB929A2-7B7B-4B87-BE1F-D7E593039A5D}.Release|Any CPU.Build.0 = Release|Any CPU
	EndGlobalSection
	GlobalSection(SolutionProperties) = preSolution
		HideSolutionNode = FALSE
	EndGlobalSection
	GlobalSection(ExtensibilityGlobals) = postSolution
		SolutionGuid = {E9B31BD8-D4E6-4C59-9612-58A971E8B7EA}
	EndGlobalSection
EndGlobal
